
Microsoft Visual Studio Solution File, Format Version 9.00
# Visual Studio 2005
Project("{8BC9CEB8-8B4A-11D0-8D11-00A0C91BC942}") = "PTypes_DLL", "PTypes_DLL.vcproj", "{5659F619-A06B-4BA0-A9E6-A3203BBE93F1}"
EndProject
Project("{8BC9CEB8-8B4A-11D0-8D11-00A0C91BC942}") = "PTypes_Lib", "PTypes_Lib.vcproj", "{8C006E9F-3BA7-4BBD-B0C3-FBE8076B7D8A}"
EndProject
Project("{8BC9CEB8-8B4A-11D0-8D11-00A0C91BC942}") = "PTypes_Lib_ST", "PTypes_Lib_ST.vcproj", "{5BBDE8B3-0A76-4E85-8E2A-DCBF630135B3}"
EndProject
Project("{8BC9CEB8-8B4A-11D0-8D11-00A0C91BC942}") = "PTypes_Test", "PTypes_Test.vcproj", "{81791886-561A-4A1A-B061-0D00B083DA9E}"
	ProjectSection(ProjectDependencies) = postProject
		{5659F619-A06B-4BA0-A9E6-A3203BBE93F1} = {5659F619-A06B-4BA0-A9E6-A3203BBE93F1}
	EndProjectSection
EndProject
Project("{8BC9CEB8-8B4A-11D0-8D11-00A0C91BC942}") = "PTypes_Test_ST", "PTypes_Test_ST.vcproj", "{405CA000-9A84-4F77-A0A1-061D2E0ED12F}"
	ProjectSection(ProjectDependencies) = postProject
		{5BBDE8B3-0A76-4E85-8E2A-DCBF630135B3} = {5BBDE8B3-0A76-4E85-8E2A-DCBF630135B3}
	EndProjectSection
EndProject
Project("{8BC9CEB8-8B4A-11D0-8D11-00A0C91BC942}") = "wshare", "wshare.vcproj", "{F544A066-F23D-4929-9D19-6838A34F78FD}"
	ProjectSection(ProjectDependencies) = postProject
		{8C006E9F-3BA7-4BBD-B0C3-FBE8076B7D8A} = {8C006E9F-3BA7-4BBD-B0C3-FBE8076B7D8A}
	EndProjectSection
EndProject
Global
	GlobalSection(SolutionConfigurationPlatforms) = preSolution
		Debug|Win32 = Debug|Win32
		Release|Win32 = Release|Win32
	EndGlobalSection
	GlobalSection(ProjectConfigurationPlatforms) = postSolution
		{5659F619-A06B-4BA0-A9E6-A3203BBE93F1}.Debug|Win32.ActiveCfg = Debug|Win32
		{5659F619-A06B-4BA0-A9E6-A3203BBE93F1}.Debug|Win32.Build.0 = Debug|Win32
		{5659F619-A06B-4BA0-A9E6-A3203BBE93F1}.Release|Win32.ActiveCfg = Release|Win32
		{5659F619-A06B-4BA0-A9E6-A3203BBE93F1}.Release|Win32.Build.0 = Release|Win32
		{8C006E9F-3BA7-4BBD-B0C3-FBE8076B7D8A}.Debug|Win32.ActiveCfg = Debug|Win32
		{8C006E9F-3BA7-4BBD-B0C3-FBE8076B7D8A}.Debug|Win32.Build.0 = Debug|Win32
		{8C006E9F-3BA7-4BBD-B0C3-FBE8076B7D8A}.Release|Win32.ActiveCfg = Release|Win32
		{8C006E9F-3BA7-4BBD-B0C3-FBE8076B7D8A}.Release|Win32.Build.0 = Release|Win32
		{5BBDE8B3-0A76-4E85-8E2A-DCBF630135B3}.Debug|Win32.ActiveCfg = Debug|Win32
		{5BBDE8B3-0A76-4E85-8E2A-DCBF630135B3}.Debug|Win32.Build.0 = Debug|Win32
		{5BBDE8B3-0A76-4E85-8E2A-DCBF630135B3}.Release|Win32.ActiveCfg = Release|Win32
		{5BBDE8B3-0A76-4E85-8E2A-DCBF630135B3}.Release|Win32.Build.0 = Release|Win32
		{81791886-561A-4A1A-B061-0D00B083DA9E}.Debug|Win32.ActiveCfg = Debug|Win32
		{81791886-561A-4A1A-B061-0D00B083DA9E}.Debug|Win32.Build.0 = Debug|Win32
		{81791886-561A-4A1A-B061-0D00B083DA9E}.Release|Win32.ActiveCfg = Release|Win32
		{81791886-561A-4A1A-B061-0D00B083DA9E}.Release|Win32.Build.0 = Release|Win32
		{405CA000-9A84-4F77-A0A1-061D2E0ED12F}.Debug|Win32.ActiveCfg = Debug|Win32
		{405CA000-9A84-4F77-A0A1-061D2E0ED12F}.Debug|Win32.Build.0 = Debug|Win32
		{405CA000-9A84-4F77-A0A1-061D2E0ED12F}.Release|Win32.ActiveCfg = Release|Win32
		{405CA000-9A84-4F77-A0A1-061D2E0ED12F}.Release|Win32.Build.0 = Release|Win32
		{F544A066-F23D-4929-9D19-6838A34F78FD}.Debug|Win32.ActiveCfg = Debug|Win32
		{F544A066-F23D-4929-9D19-6838A34F78FD}.Debug|Win32.Build.0 = Debug|Win32
		{F544A066-F23D-4929-9D19-6838A34F78FD}.Release|Win32.ActiveCfg = Release|Win32
		{F544A066-F23D-4929-9D19-6838A34F78FD}.Release|Win32.Build.0 = Release|Win32
	EndGlobalSection
	GlobalSection(SolutionProperties) = preSolution
		HideSolutionNode = FALSE
	EndGlobalSection
EndGlobal
