<?xml version="1.0" encoding="UTF-8" standalone="yes" ?>
<CodeBlocks_project_file>
	<FileVersion major="1" minor="6" />
	<Project>
		<Option title="libCommonTest" />
		<Option pch_mode="2" />
		<Option compiler="gcc" />
		<Option virtualFolders="Src/;Hdr/;" />
		<Build>
			<Target title="Debug">
				<Option output="bin/Debug/libCommonTest" prefix_auto="1" extension_auto="1" />
				<Option object_output="obj/Debug/" />
				<Option type="1" />
				<Option compiler="gcc" />
				<Compiler>
					<Add option="-g" />
					<Add directory="../../../Common/UnitTests/cppunit/include" />
					<Add directory="../../../Common/libCommon" />
					<Add directory="../../../Common/CommonFiles" />
					<Add directory="../../../Common/CommonFiles/ptypes" />
					<Add directory="../../LinuxSpec" />
				</Compiler>
				<Linker>
					<Add library="../cppunit/libcppunit.a" />
					<Add library="../libCommon/libCommon.a" />
					<Add library="../ptypes/libptypes.a" />
					<Add library="../libLinuxSpecific/libLinuxSpecific.a" />
					<Add library="pthread" />
				</Linker>
				<ExtraCommands>
					<Add after="cp ../../../Common/CommonFiles/settings.ini ./" />
					<Add after="./bin/Debug/libCommonTest" />
					<Mode after="always" />
				</ExtraCommands>
			</Target>
			<Target title="Release">
				<Option output="bin/Release/libCommonTest" prefix_auto="1" extension_auto="1" />
				<Option object_output="obj/Release/" />
				<Option type="1" />
				<Option compiler="gcc" />
				<Compiler>
					<Add option="-O2" />
				</Compiler>
				<Linker>
					<Add option="-s" />
				</Linker>
			</Target>
		</Build>
		<Compiler>
			<Add option="-Wall" />
			<Add option="-fexceptions" />
		</Compiler>
		<Unit filename="../../../Common/UnitTests/libCommonTest/CommonTest.cpp">
			<Option virtualFolder="Src/" />
		</Unit>
		<Unit filename="../../../Common/UnitTests/libCommonTest/CommonTest.h">
			<Option virtualFolder="Hdr/" />
		</Unit>
		<Unit filename="../../../Common/UnitTests/libCommonTest/libCommonTest.cpp">
			<Option virtualFolder="Src/" />
		</Unit>
		<Extensions>
			<envvars />
			<code_completion />
			<debugger />
		</Extensions>
	</Project>
</CodeBlocks_project_file>
